// !$*UTF8*$!
{
	archiveVersion = 1;
	classes = {
	};
	objectVersion = 50;
	objects = {

/* Begin PBXBuildFile section */
		41187A0F2649D9560002128C /* AppDelegate.swift in Sources */ = {isa = PBXBuildFile; fileRef = 41187A0E2649D9560002128C /* AppDelegate.swift */; };
		41187A112649D9560002128C /* SceneDelegate.swift in Sources */ = {isa = PBXBuildFile; fileRef = 41187A102649D9560002128C /* SceneDelegate.swift */; };
		41187A132649D9560002128C /* ViewController.swift in Sources */ = {isa = PBXBuildFile; fileRef = 41187A122649D9560002128C /* ViewController.swift */; };
		41187A162649D9560002128C /* Main.storyboard in Resources */ = {isa = PBXBuildFile; fileRef = 41187A142649D9560002128C /* Main.storyboard */; };
		41187A182649D9570002128C /* Assets.xcassets in Resources */ = {isa = PBXBuildFile; fileRef = 41187A172649D9570002128C /* Assets.xcassets */; };
		41187A1B2649D9570002128C /* LaunchScreen.storyboard in Resources */ = {isa = PBXBuildFile; fileRef = 41187A192649D9570002128C /* LaunchScreen.storyboard */; };
		41887484264B085E000B8234 /* Refeicao.swift in Sources */ = {isa = PBXBuildFile; fileRef = 41887483264B085E000B8234 /* Refeicao.swift */; };
		41887486264B08FA000B8234 /* Item.swift in Sources */ = {isa = PBXBuildFile; fileRef = 41887485264B08FA000B8234 /* Item.swift */; };
/* End PBXBuildFile section */

/* Begin PBXFileReference section */
		41187A0B2649D9560002128C /* poc-swift.app */ = {isa = PBXFileReference; explicitFileType = wrapper.application; includeInIndex = 0; path = "poc-swift.app"; sourceTree = BUILT_PRODUCTS_DIR; };
		41187A0E2649D9560002128C /* AppDelegate.swift */ = {isa = PBXFileReference; lastKnownFileType = sourcecode.swift; path = AppDelegate.swift; sourceTree = "<group>"; };
		41187A102649D9560002128C /* SceneDelegate.swift */ = {isa = PBXFileReference; lastKnownFileType = sourcecode.swift; path = SceneDelegate.swift; sourceTree = "<group>"; };
		41187A122649D9560002128C /* ViewController.swift */ = {isa = PBXFileReference; lastKnownFileType = sourcecode.swift; path = ViewController.swift; sourceTree = "<group>"; };
		41187A152649D9560002128C /* Base */ = {isa = PBXFileReference; lastKnownFileType = file.storyboard; name = Base; path = Base.lproj/Main.storyboard; sourceTree = "<group>"; };
		41187A172649D9570002128C /* Assets.xcassets */ = {isa = PBXFileReference; lastKnownFileType = folder.assetcatalog; path = Assets.xcassets; sourceTree = "<group>"; };
		41187A1A2649D9570002128C /* Base */ = {isa = PBXFileReference; lastKnownFileType = file.storyboard; name = Base; path = Base.lproj/LaunchScreen.storyboard; sourceTree = "<group>"; };
		41187A1C2649D9570002128C /* Info.plist */ = {isa = PBXFileReference; lastKnownFileType = text.plist.xml; path = Info.plist; sourceTree = "<group>"; };
		41887483264B085E000B8234 /* Refeicao.swift */ = {isa = PBXFileReference; lastKnownFileType = sourcecode.swift; path = Refeicao.swift; sourceTree = "<group>"; };
		41887485264B08FA000B8234 /* Item.swift */ = {isa = PBXFileReference; lastKnownFileType = sourcecode.swift; path = Item.swift; sourceTree = "<group>"; };
/* End PBXFileReference section */

/* Begin PBXFrameworksBuildPhase section */
		41187A082649D9560002128C /* Frameworks */ = {
			isa = PBXFrameworksBuildPhase;
			buildActionMask = 2147483647;
			files = (
			);
			runOnlyForDeploymentPostprocessing = 0;
		};
/* End PBXFrameworksBuildPhase section */

/* Begin PBXGroup section */
		41187A022649D9560002128C = {
			isa = PBXGroup;
			children = (
				41187A0D2649D9560002128C /* poc-swift */,
				41187A0C2649D9560002128C /* Products */,
			);
			sourceTree = "<group>";
		};
		41187A0C2649D9560002128C /* Products */ = {
			isa = PBXGroup;
			children = (
				41187A0B2649D9560002128C /* poc-swift.app */,
			);
			name = Products;
			sourceTree = "<group>";
		};
		41187A0D2649D9560002128C /* poc-swift */ = {
			isa = PBXGroup;
			children = (
				41187A102649D9560002128C /* SceneDelegate.swift */,
				41187A0E2649D9560002128C /* AppDelegate.swift */,
				41887487264B09F5000B8234 /* Models */,
				41887489264B0A55000B8234 /* Views */,
				41887488264B0A23000B8234 /* Controllers */,
				41187A192649D9570002128C /* LaunchScreen.storyboard */,
				41187A1C2649D9570002128C /* Info.plist */,
				41187A172649D9570002128C /* Assets.xcassets */,
			);
			path = "poc-swift";
			sourceTree = "<group>";
		};
		41887487264B09F5000B8234 /* Models */ = {
			isa = PBXGroup;
			children = (
				41887485264B08FA000B8234 /* Item.swift */,
				41887483264B085E000B8234 /* Refeicao.swift */,
			);
			path = Models;
			sourceTree = "<group>";
		};
		41887488264B0A23000B8234 /* Controllers */ = {
			isa = PBXGroup;
			children = (
				41187A122649D9560002128C /* ViewController.swift */,
			);
			path = Controllers;
			sourceTree = "<group>";
		};
		41887489264B0A55000B8234 /* Views */ = {
			isa = PBXGroup;
			children = (
				41187A142649D9560002128C /* Main.storyboard */,
			);
			path = Views;
			sourceTree = "<group>";
		};
/* End PBXGroup section */

/* Begin PBXNativeTarget section */
		41187A0A2649D9560002128C /* poc-swift */ = {
			isa = PBXNativeTarget;
			buildConfigurationList = 41187A1F2649D9570002128C /* Build configuration list for PBXNativeTarget "poc-swift" */;
			buildPhases = (
				41187A072649D9560002128C /* Sources */,
				41187A082649D9560002128C /* Frameworks */,
				41187A092649D9560002128C /* Resources */,
			);
			buildRules = (
			);
			dependencies = (
			);
			name = "poc-swift";
			productName = "poc-swift";
			productReference = 41187A0B2649D9560002128C /* poc-swift.app */;
			productType = "com.apple.product-type.application";
		};
/* End PBXNativeTarget section */

/* Begin PBXProject section */
		41187A032649D9560002128C /* Project object */ = {
			isa = PBXProject;
			attributes = {
				LastSwiftUpdateCheck = 1250;
				LastUpgradeCheck = 1250;
				TargetAttributes = {
					41187A0A2649D9560002128C = {
						CreatedOnToolsVersion = 12.5;
					};
				};
			};
			buildConfigurationList = 41187A062649D9560002128C /* Build configuration list for PBXProject "poc-swift" */;
			compatibilityVersion = "Xcode 9.3";
			developmentRegion = en;
			hasScannedForEncodings = 0;
			knownRegions = (
				en,
				Base,
			);
			mainGroup = 41187A022649D9560002128C;
			productRefGroup = 41187A0C2649D9560002128C /* Products */;
			projectDirPath = "";
			projectRoot = "";
			targets = (
				41187A0A2649D9560002128C /* poc-swift */,
			);
		};
/* End PBXProject section */

/* Begin PBXResourcesBuildPhase section */
		41187A092649D9560002128C /* Resources */ = {
			isa = PBXResourcesBuildPhase;
			buildActionMask = 2147483647;
			files = (
				41187A1B2649D9570002128C /* LaunchScreen.storyboard in Resources */,
				41187A182649D9570002128C /* Assets.xcassets in Resources */,
				41187A162649D9560002128C /* Main.storyboard in Resources */,
			);
			runOnlyForDeploymentPostprocessing = 0;
		};
/* End PBXResourcesBuildPhase section */

/* Begin PBXSourcesBuildPhase section */
		41187A072649D9560002128C /* Sources */ = {
			isa = PBXSourcesBuildPhase;
			buildActionMask = 2147483647;
			files = (
				41887486264B08FA000B8234 /* Item.swift in Sources */,
				41187A132649D9560002128C /* ViewController.swift in Sources */,
				41187A0F2649D9560002128C /* AppDelegate.swift in Sources */,
				41187A112649D9560002128C /* SceneDelegate.swift in Sources */,
				41887484264B085E000B8234 /* Refeicao.swift in Sources */,
			);
			runOnlyForDeploymentPostprocessing = 0;
		};
/* End PBXSourcesBuildPhase section */

/* Begin PBXVariantGroup section */
		41187A142649D9560002128C /* Main.storyboard */ = {
			isa = PBXVariantGroup;
			children = (
				41187A152649D9560002128C /* Base */,
			);
			name = Main.storyboard;
			sourceTree = "<group>";
		};
		41187A192649D9570002128C /* LaunchScreen.storyboard */ = {
			isa = PBXVariantGroup;
			children = (
				41187A1A2649D9570002128C /* Base */,
			);
			name = LaunchScreen.storyboard;
			sourceTree = "<group>";
		};
/* End PBXVariantGroup section */

/* Begin XCBuildConfiguration section */
		41187A1D2649D9570002128C /* Debug */ = {
			isa = XCBuildConfiguration;
			buildSettings = {
				ALWAYS_SEARCH_USER_PATHS = NO;
				CLANG_ANALYZER_NONNULL = YES;
				CLANG_ANALYZER_NUMBER_OBJECT_CONVERSION = YES_AGGRESSIVE;
				CLANG_CXX_LANGUAGE_STANDARD = "gnu++14";
				CLANG_CXX_LIBRARY = "libc++";
				CLANG_ENABLE_MODULES = YES;
				CLANG_ENABLE_OBJC_ARC = YES;
				CLANG_ENABLE_OBJC_WEAK = YES;
				CLANG_WARN_BLOCK_CAPTURE_AUTORELEASING = YES;
				CLANG_WARN_BOOL_CONVERSION = YES;
				CLANG_WARN_COMMA = YES;
				CLANG_WARN_CONSTANT_CONVERSION = YES;
				CLANG_WARN_DEPRECATED_OBJC_IMPLEMENTATIONS = YES;
				CLANG_WARN_DIRECT_OBJC_ISA_USAGE = YES_ERROR;
				CLANG_WARN_DOCUMENTATION_COMMENTS = YES;
				CLANG_WARN_EMPTY_BODY = YES;
				CLANG_WARN_ENUM_CONVERSION = YES;
				CLANG_WARN_INFINITE_RECURSION = YES;
				CLANG_WARN_INT_CONVERSION = YES;
				CLANG_WARN_NON_LITERAL_NULL_CONVERSION = YES;
				CLANG_WARN_OBJC_IMPLICIT_RETAIN_SELF = YES;
				CLANG_WARN_OBJC_LITERAL_CONVERSION = YES;
				CLANG_WARN_OBJC_ROOT_CLASS = YES_ERROR;
				CLANG_WARN_QUOTED_INCLUDE_IN_FRAMEWORK_HEADER = YES;
				CLANG_WARN_RANGE_LOOP_ANALYSIS = YES;
				CLANG_WARN_STRICT_PROTOTYPES = YES;
				CLANG_WARN_SUSPICIOUS_MOVE = YES;
				CLANG_WARN_UNGUARDED_AVAILABILITY = YES_AGGRESSIVE;
				CLANG_WARN_UNREACHABLE_CODE = YES;
				CLANG_WARN__DUPLICATE_METHOD_MATCH = YES;
				COPY_PHASE_STRIP = NO;
				DEBUG_INFORMATION_FORMAT = dwarf;
				ENABLE_STRICT_OBJC_MSGSEND = YES;
				ENABLE_TESTABILITY = YES;
				GCC_C_LANGUAGE_STANDARD = gnu11;
				GCC_DYNAMIC_NO_PIC = NO;
				GCC_NO_COMMON_BLOCKS = YES;
				GCC_OPTIMIZATION_LEVEL = 0;
				GCC_PREPROCESSOR_DEFINITIONS = (
					"DEBUG=1",
					"$(inherited)",
				);
				GCC_WARN_64_TO_32_BIT_CONVERSION = YES;
				GCC_WARN_ABOUT_RETURN_TYPE = YES_ERROR;
				GCC_WARN_UNDECLARED_SELECTOR = YES;
				GCC_WARN_UNINITIALIZED_AUTOS = YES_AGGRESSIVE;
				GCC_WARN_UNUSED_FUNCTION = YES;
				GCC_WARN_UNUSED_VARIABLE = YES;
				IPHONEOS_DEPLOYMENT_TARGET = 14.5;
				MTL_ENABLE_DEBUG_INFO = INCLUDE_SOURCE;
				MTL_FAST_MATH = YES;
				ONLY_ACTIVE_ARCH = YES;
				SDKROOT = iphoneos;
				SWIFT_ACTIVE_COMPILATION_CONDITIONS = DEBUG;
				SWIFT_OPTIMIZATION_LEVEL = "-Onone";
			};
			name = Debug;
		};
		41187A1E2649D9570002128C /* Release */ = {
			isa = XCBuildConfiguration;
			buildSettings = {
				ALWAYS_SEARCH_USER_PATHS = NO;
				CLANG_ANALYZER_NONNULL = YES;
				CLANG_ANALYZER_NUMBER_OBJECT_CONVERSION = YES_AGGRESSIVE;
				CLANG_CXX_LANGUAGE_STANDARD = "gnu++14";
				CLANG_CXX_LIBRARY = "libc++";
				CLANG_ENABLE_MODULES = YES;
				CLANG_ENABLE_OBJC_ARC = YES;
				CLANG_ENABLE_OBJC_WEAK = YES;
				CLANG_WARN_BLOCK_CAPTURE_AUTORELEASING = YES;
				CLANG_WARN_BOOL_CONVERSION = YES;
				CLANG_WARN_COMMA = YES;
				CLANG_WARN_CONSTANT_CONVERSION = YES;
				CLANG_WARN_DEPRECATED_OBJC_IMPLEMENTATIONS = YES;
				CLANG_WARN_DIRECT_OBJC_ISA_USAGE = YES_ERROR;
				CLANG_WARN_DOCUMENTATION_COMMENTS = YES;
				CLANG_WARN_EMPTY_BODY = YES;
				CLANG_WARN_ENUM_CONVERSION = YES;
				CLANG_WARN_INFINITE_RECURSION = YES;
				CLANG_WARN_INT_CONVERSION = YES;
				CLANG_WARN_NON_LITERAL_NULL_CONVERSION = YES;
				CLANG_WARN_OBJC_IMPLICIT_RETAIN_SELF = YES;
				CLANG_WARN_OBJC_LITERAL_CONVERSION = YES;
				CLANG_WARN_OBJC_ROOT_CLASS = YES_ERROR;
				CLANG_WARN_QUOTED_INCLUDE_IN_FRAMEWORK_HEADER = YES;
				CLANG_WARN_RANGE_LOOP_ANALYSIS = YES;
				CLANG_WARN_STRICT_PROTOTYPES = YES;
				CLANG_WARN_SUSPICIOUS_MOVE = YES;
				CLANG_WARN_UNGUARDED_AVAILABILITY = YES_AGGRESSIVE;
				CLANG_WARN_UNREACHABLE_CODE = YES;
				CLANG_WARN__DUPLICATE_METHOD_MATCH = YES;
				COPY_PHASE_STRIP = NO;
				DEBUG_INFORMATION_FORMAT = "dwarf-with-dsym";
				ENABLE_NS_ASSERTIONS = NO;
				ENABLE_STRICT_OBJC_MSGSEND = YES;
				GCC_C_LANGUAGE_STANDARD = gnu11;
				GCC_NO_COMMON_BLOCKS = YES;
				GCC_WARN_64_TO_32_BIT_CONVERSION = YES;
				GCC_WARN_ABOUT_RETURN_TYPE = YES_ERROR;
				GCC_WARN_UNDECLARED_SELECTOR = YES;
				GCC_WARN_UNINITIALIZED_AUTOS = YES_AGGRESSIVE;
				GCC_WARN_UNUSED_FUNCTION = YES;
				GCC_WARN_UNUSED_VARIABLE = YES;
				IPHONEOS_DEPLOYMENT_TARGET = 14.5;
				MTL_ENABLE_DEBUG_INFO = NO;
				MTL_FAST_MATH = YES;
				SDKROOT = iphoneos;
				SWIFT_COMPILATION_MODE = wholemodule;
				SWIFT_OPTIMIZATION_LEVEL = "-O";
				VALIDATE_PRODUCT = YES;
			};
			name = Release;
		};
		41187A202649D9570002128C /* Debug */ = {
			isa = XCBuildConfiguration;
			buildSettings = {
				ASSETCATALOG_COMPILER_APPICON_NAME = AppIcon;
				ASSETCATALOG_COMPILER_GLOBAL_ACCENT_COLOR_NAME = AccentColor;
				CODE_SIGN_STYLE = Automatic;
				INFOPLIST_FILE = "poc-swift/Info.plist";
				LD_RUNPATH_SEARCH_PATHS = (
					"$(inherited)",
					"@executable_path/Frameworks",
				);
				PRODUCT_BUNDLE_IDENTIFIER = "com.gabrielduarte.poc-swift";
				PRODUCT_NAME = "$(TARGET_NAME)";
				SWIFT_VERSION = 5.0;
				TARGETED_DEVICE_FAMILY = "1,2";
			};
			name = Debug;
		};
		41187A212649D9570002128C /* Release */ = {
			isa = XCBuildConfiguration;
			buildSettings = {
				ASSETCATALOG_COMPILER_APPICON_NAME = AppIcon;
				ASSETCATALOG_COMPILER_GLOBAL_ACCENT_COLOR_NAME = AccentColor;
				CODE_SIGN_STYLE = Automatic;
				INFOPLIST_FILE = "poc-swift/Info.plist";
				LD_RUNPATH_SEARCH_PATHS = (
					"$(inherited)",
					"@executable_path/Frameworks",
				);
				PRODUCT_BUNDLE_IDENTIFIER = "com.gabrielduarte.poc-swift";
				PRODUCT_NAME = "$(TARGET_NAME)";
				SWIFT_VERSION = 5.0;
				TARGETED_DEVICE_FAMILY = "1,2";
			};
			name = Release;
		};
/* End XCBuildConfiguration section */

/* Begin XCConfigurationList section */
		41187A062649D9560002128C /* Build configuration list for PBXProject "poc-swift" */ = {
			isa = XCConfigurationList;
			buildConfigurations = (
				41187A1D2649D9570002128C /* Debug */,
				41187A1E2649D9570002128C /* Release */,
			);
			defaultConfigurationIsVisible = 0;
			defaultConfigurationName = Release;
		};
		41187A1F2649D9570002128C /* Build configuration list for PBXNativeTarget "poc-swift" */ = {
			isa = XCConfigurationList;
			buildConfigurations = (
				41187A202649D9570002128C /* Debug */,
				41187A212649D9570002128C /* Release */,
			);
			defaultConfigurationIsVisible = 0;
			defaultConfigurationName = Release;
		};
/* End XCConfigurationList section */
	};
	rootObject = 41187A032649D9560002128C /* Project object */;
}
